
Microsoft Visual Studio Solution File, Format Version 12.00
Project("{FAE04EC0-301F-11D3-BF4B-00C04F79EFBC}") = "BaiduBce.Sms.Console", "BaiduBce.Sms.Console\BaiduBce.Sms.Console.csproj", "{5C55893B-CAB6-494C-92A2-2A3225090283}"
EndProject
Project("{FAE04EC0-301F-11D3-BF4B-00C04F79EFBC}") = "BaiduBce.Sms", "BaiduBce.Sms\BaiduBce.Sms.csproj", "{F67D72BF-F38A-4311-BEFD-75A649FF10C4}"
EndProject
Global
	GlobalSection(SolutionConfigurationPlatforms) = preSolution
		Debug|Any CPU = Debug|Any CPU
		Release|Any CPU = Release|Any CPU
	EndGlobalSection
	GlobalSection(ProjectConfigurationPlatforms) = postSolution
		{5C55893B-CAB6-494C-92A2-2A3225090283}.Debug|Any CPU.ActiveCfg = Debug|Any CPU
		{5C55893B-CAB6-494C-92A2-2A3225090283}.Debug|Any CPU.Build.0 = Debug|Any CPU
		{5C55893B-CAB6-494C-92A2-2A3225090283}.Release|Any CPU.ActiveCfg = Release|Any CPU
		{5C55893B-CAB6-494C-92A2-2A3225090283}.Release|Any CPU.Build.0 = Release|Any CPU
		{F67D72BF-F38A-4311-BEFD-75A649FF10C4}.Debug|Any CPU.ActiveCfg = Debug|Any CPU
		{F67D72BF-F38A-4311-BEFD-75A649FF10C4}.Debug|Any CPU.Build.0 = Debug|Any CPU
		{F67D72BF-F38A-4311-BEFD-75A649FF10C4}.Release|Any CPU.ActiveCfg = Release|Any CPU
		{F67D72BF-F38A-4311-BEFD-75A649FF10C4}.Release|Any CPU.Build.0 = Release|Any CPU
	EndGlobalSection
EndGlobal
